{
  "nodes": {
    "flakeNimbleLib": {
      "inputs": {
        "nixpkgs": [
          "nixpkgs"
        ]
      },
      "locked": {
        "lastModified": 1662018438,
        "narHash": "sha256-QtNtU6+LX3Wokxf0zlFwKTFOcn6TeDjKQZ+DA9OYtvM=",
        "owner": "riinr",
        "repo": "nim-flakes-lib",
        "rev": "b1fe8340736e3a85d25c709ac3dfd82a55c03cbf",
        "type": "github"
      },
      "original": {
        "owner": "riinr",
        "ref": "master",
        "repo": "nim-flakes-lib",
        "type": "github"
      }
    },
    "nixpkgs": {
      "locked": {
        "lastModified": 1667199707,
        "narHash": "sha256-I2Js3Y7gUyVSEXPULHlBoRek4Lh85vnevdS6mdvDNLI=",
        "owner": "NixOS",
        "repo": "nixpkgs",
        "rev": "ced197be72099edcfa68ebed8b87af7b04851f45",
        "type": "github"
      },
      "original": {
        "id": "nixpkgs",
        "type": "indirect"
      }
    },
    "root": {
      "inputs": {
        "flakeNimbleLib": "flakeNimbleLib",
        "nixpkgs": "nixpkgs",
        "shoco-master": "shoco-master"
      }
    },
    "shoco-master": {
      "inputs": {
        "flakeNimbleLib": [
          "flakeNimbleLib"
        ],
        "nixpkgs": [
          "nixpkgs"
        ],
        "src-shoco-master": "src-shoco-master"
      },
      "locked": {
        "dir": "master",
        "lastModified": 1667322667,
        "narHash": "sha256-Sh5sDZmBBZvMUaGzrVtP1B2siBtn6g2qINxLDMme0mw=",
        "owner": "nim-nix-pkgs",
        "repo": "shoco",
        "rev": "d53c3df494398f5befe9704ba4942df5f8ca9c44",
        "type": "github"
      },
      "original": {
        "dir": "master",
        "owner": "nim-nix-pkgs",
        "ref": "master",
        "repo": "shoco",
        "type": "github"
      }
    },
    "src-shoco-master": {
      "flake": false,
      "locked": {
        "lastModified": 1398476175,
        "narHash": "sha256-6d33wWTwqru4CkDJ/GTJp2a4jN+xEN35Arh92b/CErU=",
        "owner": "onionhammer",
        "repo": "shoconim",
        "rev": "f398de07893fe09a9d921dd3f354adb62b0e3a56",
        "type": "github"
      },
      "original": {
        "owner": "onionhammer",
        "ref": "refs/heads/master",
        "repo": "shoconim",
        "type": "github"
      }
    }
  },
  "root": "root",
  "version": 7
}
